Microsoft Visual Studio Solution File, Format Version 12.00
# Visual Studio Version 17
VisualStudioVersion = 17.5.2.0
MinimumVisualStudioVersion = 10.0.40219.1
Project("{FAE04EC0-301F-11D3-BF4B-00C04F79EFBC}") = "SentimentWebApp", "SentimentWebApp.csproj", "{11DC6B0D-887F-D8D0-2FBB-BB51CDC4C874}"
EndProject
Global
	GlobalSection(SolutionConfigurationPlatforms) = preSolution
		Debug|Any CPU = Debug|Any CPU
		Release|Any CPU = Release|Any CPU
	EndGlobalSection
	GlobalSection(ProjectConfigurationPlatforms) = postSolution
		{11DC6B0D-887F-D8D0-2FBB-BB51CDC4C874}.Debug|Any CPU.ActiveCfg = Debug|Any CPU
		{11DC6B0D-887F-D8D0-2FBB-BB51CDC4C874}.Debug|Any CPU.Build.0 = Debug|Any CPU
		{11DC6B0D-887F-D8D0-2FBB-BB51CDC4C874}.Release|Any CPU.ActiveCfg = Release|Any CPU
		{11DC6B0D-887F-D8D0-2FBB-BB51CDC4C874}.Release|Any CPU.Build.0 = Release|Any CPU
	EndGlobalSection
	GlobalSection(SolutionProperties) = preSolution
		HideSolutionNode = FALSE
	EndGlobalSection
	GlobalSection(ExtensibilityGlobals) = postSolution
		SolutionGuid = {C1F40A8C-7451-48A4-9BF5-28F2E21C2F41}
	EndGlobalSection
EndGlobal
